// !$*UTF8*$!
{
	archiveVersion = 1;
	classes = {
	};
	objectVersion = 50;
	objects = {

/* Begin PBXBuildFile section */
		8134B7CE213E0B480017EABE /* AppDelegate.swift in Sources */ = {isa = PBXBuildFile; fileRef = 8134B7CD213E0B480017EABE /* AppDelegate.swift */; };
		8134B7D0213E0B480017EABE /* ViewController.swift in Sources */ = {isa = PBXBuildFile; fileRef = 8134B7CF213E0B480017EABE /* ViewController.swift */; };
		8134B7D3213E0B480017EABE /* Main.storyboard in Resources */ = {isa = PBXBuildFile; fileRef = 8134B7D1213E0B480017EABE /* Main.storyboard */; };
		8134B7D5213E0B4C0017EABE /* Assets.xcassets in Resources */ = {isa = PBXBuildFile; fileRef = 8134B7D4213E0B4C0017EABE /* Assets.xcassets */; };
		8134B7D8213E0B4C0017EABE /* LaunchScreen.storyboard in Resources */ = {isa = PBXBuildFile; fileRef = 8134B7D6213E0B4C0017EABE /* LaunchScreen.storyboard */; };
		81E82D84213E14BC001D9EA3 /* 1.wav in Resources */ = {isa = PBXBuildFile; fileRef = 81E82D7D213E14BB001D9EA3 /* 1.wav */; };
		81E82D85213E14BC001D9EA3 /* 5.wav in Resources */ = {isa = PBXBuildFile; fileRef = 81E82D7E213E14BB001D9EA3 /* 5.wav */; };
		81E82D86213E14BC001D9EA3 /* 4.wav in Resources */ = {isa = PBXBuildFile; fileRef = 81E82D7F213E14BB001D9EA3 /* 4.wav */; };
		81E82D87213E14BC001D9EA3 /* 2.wav in Resources */ = {isa = PBXBuildFile; fileRef = 81E82D80213E14BC001D9EA3 /* 2.wav */; };
		81E82D88213E14BC001D9EA3 /* 7.wav in Resources */ = {isa = PBXBuildFile; fileRef = 81E82D81213E14BC001D9EA3 /* 7.wav */; };
		81E82D89213E14BC001D9EA3 /* 3.wav in Resources */ = {isa = PBXBuildFile; fileRef = 81E82D82213E14BC001D9EA3 /* 3.wav */; };
		81E82D8A213E14BC001D9EA3 /* 6.wav in Resources */ = {isa = PBXBuildFile; fileRef = 81E82D83213E14BC001D9EA3 /* 6.wav */; };
/* End PBXBuildFile section */

/* Begin PBXFileReference section */
		8134B7CA213E0B480017EABE /* Piano.app */ = {isa = PBXFileReference; explicitFileType = wrapper.application; includeInIndex = 0; path = Piano.app; sourceTree = BUILT_PRODUCTS_DIR; };
		8134B7CD213E0B480017EABE /* AppDelegate.swift */ = {isa = PBXFileReference; lastKnownFileType = sourcecode.swift; path = AppDelegate.swift; sourceTree = "<group>"; };
		8134B7CF213E0B480017EABE /* ViewController.swift */ = {isa = PBXFileReference; lastKnownFileType = sourcecode.swift; path = ViewController.swift; sourceTree = "<group>"; };
		8134B7D2213E0B480017EABE /* Base */ = {isa = PBXFileReference; lastKnownFileType = file.storyboard; name = Base; path = Base.lproj/Main.storyboard; sourceTree = "<group>"; };
		8134B7D4213E0B4C0017EABE /* Assets.xcassets */ = {isa = PBXFileReference; lastKnownFileType = folder.assetcatalog; path = Assets.xcassets; sourceTree = "<group>"; };
		8134B7D7213E0B4C0017EABE /* Base */ = {isa = PBXFileReference; lastKnownFileType = file.storyboard; name = Base; path = Base.lproj/LaunchScreen.storyboard; sourceTree = "<group>"; };
		8134B7D9213E0B4C0017EABE /* Info.plist */ = {isa = PBXFileReference; lastKnownFileType = text.plist.xml; path = Info.plist; sourceTree = "<group>"; };
		81E82D7D213E14BB001D9EA3 /* 1.wav */ = {isa = PBXFileReference; lastKnownFileType = audio.wav; path = 1.wav; sourceTree = "<group>"; };
		81E82D7E213E14BB001D9EA3 /* 5.wav */ = {isa = PBXFileReference; lastKnownFileType = audio.wav; path = 5.wav; sourceTree = "<group>"; };
		81E82D7F213E14BB001D9EA3 /* 4.wav */ = {isa = PBXFileReference; lastKnownFileType = audio.wav; path = 4.wav; sourceTree = "<group>"; };
		81E82D80213E14BC001D9EA3 /* 2.wav */ = {isa = PBXFileReference; lastKnownFileType = audio.wav; path = 2.wav; sourceTree = "<group>"; };
		81E82D81213E14BC001D9EA3 /* 7.wav */ = {isa = PBXFileReference; lastKnownFileType = audio.wav; path = 7.wav; sourceTree = "<group>"; };
		81E82D82213E14BC001D9EA3 /* 3.wav */ = {isa = PBXFileReference; lastKnownFileType = audio.wav; path = 3.wav; sourceTree = "<group>"; };
		81E82D83213E14BC001D9EA3 /* 6.wav */ = {isa = PBXFileReference; lastKnownFileType = audio.wav; path = 6.wav; sourceTree = "<group>"; };
/* End PBXFileReference section */

/* Begin PBXFrameworksBuildPhase section */
		8134B7C7213E0B480017EABE /* Frameworks */ = {
			isa = PBXFrameworksBuildPhase;
			buildActionMask = 2147483647;
			files = (
			);
			runOnlyForDeploymentPostprocessing = 0;
		};
/* End PBXFrameworksBuildPhase section */

/* Begin PBXGroup section */
		8134B7C1213E0B480017EABE = {
			isa = PBXGroup;
			children = (
				8134B7CC213E0B480017EABE /* Piano */,
				8134B7CB213E0B480017EABE /* Products */,
			);
			sourceTree = "<group>";
		};
		8134B7CB213E0B480017EABE /* Products */ = {
			isa = PBXGroup;
			children = (
				8134B7CA213E0B480017EABE /* Piano.app */,
			);
			name = Products;
			sourceTree = "<group>";
		};
		8134B7CC213E0B480017EABE /* Piano */ = {
			isa = PBXGroup;
			children = (
				8134B7CD213E0B480017EABE /* AppDelegate.swift */,
				8134B7CF213E0B480017EABE /* ViewController.swift */,
				8134B7D1213E0B480017EABE /* Main.storyboard */,
				8134B7D4213E0B4C0017EABE /* Assets.xcassets */,
				8134B7D6213E0B4C0017EABE /* LaunchScreen.storyboard */,
				8134B7D9213E0B4C0017EABE /* Info.plist */,
				81E82D7D213E14BB001D9EA3 /* 1.wav */,
				81E82D80213E14BC001D9EA3 /* 2.wav */,
				81E82D82213E14BC001D9EA3 /* 3.wav */,
				81E82D7F213E14BB001D9EA3 /* 4.wav */,
				81E82D7E213E14BB001D9EA3 /* 5.wav */,
				81E82D83213E14BC001D9EA3 /* 6.wav */,
				81E82D81213E14BC001D9EA3 /* 7.wav */,
			);
			path = Piano;
			sourceTree = "<group>";
		};
/* End PBXGroup section */

/* Begin PBXNativeTarget section */
		8134B7C9213E0B480017EABE /* Piano */ = {
			isa = PBXNativeTarget;
			buildConfigurationList = 8134B7DC213E0B4C0017EABE /* Build configuration list for PBXNativeTarget "Piano" */;
			buildPhases = (
				8134B7C6213E0B480017EABE /* Sources */,
				8134B7C7213E0B480017EABE /* Frameworks */,
				8134B7C8213E0B480017EABE /* Resources */,
			);
			buildRules = (
			);
			dependencies = (
			);
			name = Piano;
			productName = Piano;
			productReference = 8134B7CA213E0B480017EABE /* Piano.app */;
			productType = "com.apple.product-type.application";
		};
/* End PBXNativeTarget section */

/* Begin PBXProject section */
		8134B7C2213E0B480017EABE /* Project object */ = {
			isa = PBXProject;
			attributes = {
				LastSwiftUpdateCheck = 0940;
				LastUpgradeCheck = 0940;
				ORGANIZATIONNAME = "Fleischauer, Joseph";
				TargetAttributes = {
					8134B7C9213E0B480017EABE = {
						CreatedOnToolsVersion = 9.4.1;
					};
				};
			};
			buildConfigurationList = 8134B7C5213E0B480017EABE /* Build configuration list for PBXProject "Piano" */;
			compatibilityVersion = "Xcode 9.3";
			developmentRegion = en;
			hasScannedForEncodings = 0;
			knownRegions = (
				en,
				Base,
			);
			mainGroup = 8134B7C1213E0B480017EABE;
			productRefGroup = 8134B7CB213E0B480017EABE /* Products */;
			projectDirPath = "";
			projectRoot = "";
			targets = (
				8134B7C9213E0B480017EABE /* Piano */,
			);
		};
/* End PBXProject section */

/* Begin PBXResourcesBuildPhase section */
		8134B7C8213E0B480017EABE /* Resources */ = {
			isa = PBXResourcesBuildPhase;
			buildActionMask = 2147483647;
			files = (
				81E82D89213E14BC001D9EA3 /* 3.wav in Resources */,
				81E82D84213E14BC001D9EA3 /* 1.wav in Resources */,
				8134B7D8213E0B4C0017EABE /* LaunchScreen.storyboard in Resources */,
				81E82D88213E14BC001D9EA3 /* 7.wav in Resources */,
				81E82D87213E14BC001D9EA3 /* 2.wav in Resources */,
				8134B7D5213E0B4C0017EABE /* Assets.xcassets in Resources */,
				81E82D86213E14BC001D9EA3 /* 4.wav in Resources */,
				81E82D8A213E14BC001D9EA3 /* 6.wav in Resources */,
				81E82D85213E14BC001D9EA3 /* 5.wav in Resources */,
				8134B7D3213E0B480017EABE /* Main.storyboard in Resources */,
			);
			runOnlyForDeploymentPostprocessing = 0;
		};
/* End PBXResourcesBuildPhase section */

/* Begin PBXSourcesBuildPhase section */
		8134B7C6213E0B480017EABE /* Sources */ = {
			isa = PBXSourcesBuildPhase;
			buildActionMask = 2147483647;
			files = (
				8134B7D0213E0B480017EABE /* ViewController.swift in Sources */,
				8134B7CE213E0B480017EABE /* AppDelegate.swift in Sources */,
			);
			runOnlyForDeploymentPostprocessing = 0;
		};
/* End PBXSourcesBuildPhase section */

/* Begin PBXVariantGroup section */
		8134B7D1213E0B480017EABE /* Main.storyboard */ = {
			isa = PBXVariantGroup;
			children = (
				8134B7D2213E0B480017EABE /* Base */,
			);
			name = Main.storyboard;
			sourceTree = "<group>";
		};
		8134B7D6213E0B4C0017EABE /* LaunchScreen.storyboard */ = {
			isa = PBXVariantGroup;
			children = (
				8134B7D7213E0B4C0017EABE /* Base */,
			);
			name = LaunchScreen.storyboard;
			sourceTree = "<group>";
		};
/* End PBXVariantGroup section */

/* Begin XCBuildConfiguration section */
		8134B7DA213E0B4C0017EABE /* Debug */ = {
			isa = XCBuildConfiguration;
			buildSettings = {
				ALWAYS_SEARCH_USER_PATHS = NO;
				CLANG_ANALYZER_NONNULL = YES;
				CLANG_ANALYZER_NUMBER_OBJECT_CONVERSION = YES_AGGRESSIVE;
				CLANG_CXX_LANGUAGE_STANDARD = "gnu++14";
				CLANG_CXX_LIBRARY = "libc++";
				CLANG_ENABLE_MODULES = YES;
				CLANG_ENABLE_OBJC_ARC = YES;
				CLANG_ENABLE_OBJC_WEAK = YES;
				CLANG_WARN_BLOCK_CAPTURE_AUTORELEASING = YES;
				CLANG_WARN_BOOL_CONVERSION = YES;
				CLANG_WARN_COMMA = YES;
				CLANG_WARN_CONSTANT_CONVERSION = YES;
				CLANG_WARN_DEPRECATED_OBJC_IMPLEMENTATIONS = YES;
				CLANG_WARN_DIRECT_OBJC_ISA_USAGE = YES_ERROR;
				CLANG_WARN_DOCUMENTATION_COMMENTS = YES;
				CLANG_WARN_EMPTY_BODY = YES;
				CLANG_WARN_ENUM_CONVERSION = YES;
				CLANG_WARN_INFINITE_RECURSION = YES;
				CLANG_WARN_INT_CONVERSION = YES;
				CLANG_WARN_NON_LITERAL_NULL_CONVERSION = YES;
				CLANG_WARN_OBJC_IMPLICIT_RETAIN_SELF = YES;
				CLANG_WARN_OBJC_LITERAL_CONVERSION = YES;
				CLANG_WARN_OBJC_ROOT_CLASS = YES_ERROR;
				CLANG_WARN_RANGE_LOOP_ANALYSIS = YES;
				CLANG_WARN_STRICT_PROTOTYPES = YES;
				CLANG_WARN_SUSPICIOUS_MOVE = YES;
				CLANG_WARN_UNGUARDED_AVAILABILITY = YES_AGGRESSIVE;
				CLANG_WARN_UNREACHABLE_CODE = YES;
				CLANG_WARN__DUPLICATE_METHOD_MATCH = YES;
				CODE_SIGN_IDENTITY = "iPhone Developer";
				COPY_PHASE_STRIP = NO;
				DEBUG_INFORMATION_FORMAT = dwarf;
				ENABLE_STRICT_OBJC_MSGSEND = YES;
				ENABLE_TESTABILITY = YES;
				GCC_C_LANGUAGE_STANDARD = gnu11;
				GCC_DYNAMIC_NO_PIC = NO;
				GCC_NO_COMMON_BLOCKS = YES;
				GCC_OPTIMIZATION_LEVEL = 0;
				GCC_PREPROCESSOR_DEFINITIONS = (
					"DEBUG=1",
					"$(inherited)",
				);
				GCC_WARN_64_TO_32_BIT_CONVERSION = YES;
				GCC_WARN_ABOUT_RETURN_TYPE = YES_ERROR;
				GCC_WARN_UNDECLARED_SELECTOR = YES;
				GCC_WARN_UNINITIALIZED_AUTOS = YES_AGGRESSIVE;
				GCC_WARN_UNUSED_FUNCTION = YES;
				GCC_WARN_UNUSED_VARIABLE = YES;
				IPHONEOS_DEPLOYMENT_TARGET = 11.4;
				MTL_ENABLE_DEBUG_INFO = YES;
				ONLY_ACTIVE_ARCH = YES;
				SDKROOT = iphoneos;
				SWIFT_ACTIVE_COMPILATION_CONDITIONS = DEBUG;
				SWIFT_OPTIMIZATION_LEVEL = "-Onone";
			};
			name = Debug;
		};
		8134B7DB213E0B4C0017EABE /* Release */ = {
			isa = XCBuildConfiguration;
			buildSettings = {
				ALWAYS_SEARCH_USER_PATHS = NO;
				CLANG_ANALYZER_NONNULL = YES;
				CLANG_ANALYZER_NUMBER_OBJECT_CONVERSION = YES_AGGRESSIVE;
				CLANG_CXX_LANGUAGE_STANDARD = "gnu++14";
				CLANG_CXX_LIBRARY = "libc++";
				CLANG_ENABLE_MODULES = YES;
				CLANG_ENABLE_OBJC_ARC = YES;
				CLANG_ENABLE_OBJC_WEAK = YES;
				CLANG_WARN_BLOCK_CAPTURE_AUTORELEASING = YES;
				CLANG_WARN_BOOL_CONVERSION = YES;
				CLANG_WARN_COMMA = YES;
				CLANG_WARN_CONSTANT_CONVERSION = YES;
				CLANG_WARN_DEPRECATED_OBJC_IMPLEMENTATIONS = YES;
				CLANG_WARN_DIRECT_OBJC_ISA_USAGE = YES_ERROR;
				CLANG_WARN_DOCUMENTATION_COMMENTS = YES;
				CLANG_WARN_EMPTY_BODY = YES;
				CLANG_WARN_ENUM_CONVERSION = YES;
				CLANG_WARN_INFINITE_RECURSION = YES;
				CLANG_WARN_INT_CONVERSION = YES;
				CLANG_WARN_NON_LITERAL_NULL_CONVERSION = YES;
				CLANG_WARN_OBJC_IMPLICIT_RETAIN_SELF = YES;
				CLANG_WARN_OBJC_LITERAL_CONVERSION = YES;
				CLANG_WARN_OBJC_ROOT_CLASS = YES_ERROR;
				CLANG_WARN_RANGE_LOOP_ANALYSIS = YES;
				CLANG_WARN_STRICT_PROTOTYPES = YES;
				CLANG_WARN_SUSPICIOUS_MOVE = YES;
				CLANG_WARN_UNGUARDED_AVAILABILITY = YES_AGGRESSIVE;
				CLANG_WARN_UNREACHABLE_CODE = YES;
				CLANG_WARN__DUPLICATE_METHOD_MATCH = YES;
				CODE_SIGN_IDENTITY = "iPhone Developer";
				COPY_PHASE_STRIP = NO;
				DEBUG_INFORMATION_FORMAT = "dwarf-with-dsym";
				ENABLE_NS_ASSERTIONS = NO;
				ENABLE_STRICT_OBJC_MSGSEND = YES;
				GCC_C_LANGUAGE_STANDARD = gnu11;
				GCC_NO_COMMON_BLOCKS = YES;
				GCC_WARN_64_TO_32_BIT_CONVERSION = YES;
				GCC_WARN_ABOUT_RETURN_TYPE = YES_ERROR;
				GCC_WARN_UNDECLARED_SELECTOR = YES;
				GCC_WARN_UNINITIALIZED_AUTOS = YES_AGGRESSIVE;
				GCC_WARN_UNUSED_FUNCTION = YES;
				GCC_WARN_UNUSED_VARIABLE = YES;
				IPHONEOS_DEPLOYMENT_TARGET = 11.4;
				MTL_ENABLE_DEBUG_INFO = NO;
				SDKROOT = iphoneos;
				SWIFT_COMPILATION_MODE = wholemodule;
				SWIFT_OPTIMIZATION_LEVEL = "-O";
				VALIDATE_PRODUCT = YES;
			};
			name = Release;
		};
		8134B7DD213E0B4C0017EABE /* Debug */ = {
			isa = XCBuildConfiguration;
			buildSettings = {
				ASSETCATALOG_COMPILER_APPICON_NAME = AppIcon;
				CODE_SIGN_STYLE = Automatic;
				DEVELOPMENT_TEAM = 8P4962W268;
				INFOPLIST_FILE = Piano/Info.plist;
				LD_RUNPATH_SEARCH_PATHS = (
					"$(inherited)",
					"@executable_path/Frameworks",
				);
				PRODUCT_BUNDLE_IDENTIFIER = "org.116-rlas.Piano";
				PRODUCT_NAME = "$(TARGET_NAME)";
				SWIFT_VERSION = 4.0;
				TARGETED_DEVICE_FAMILY = "1,2";
			};
			name = Debug;
		};
		8134B7DE213E0B4C0017EABE /* Release */ = {
			isa = XCBuildConfiguration;
			buildSettings = {
				ASSETCATALOG_COMPILER_APPICON_NAME = AppIcon;
				CODE_SIGN_STYLE = Automatic;
				DEVELOPMENT_TEAM = 8P4962W268;
				INFOPLIST_FILE = Piano/Info.plist;
				LD_RUNPATH_SEARCH_PATHS = (
					"$(inherited)",
					"@executable_path/Frameworks",
				);
				PRODUCT_BUNDLE_IDENTIFIER = "org.116-rlas.Piano";
				PRODUCT_NAME = "$(TARGET_NAME)";
				SWIFT_VERSION = 4.0;
				TARGETED_DEVICE_FAMILY = "1,2";
			};
			name = Release;
		};
/* End XCBuildConfiguration section */

/* Begin XCConfigurationList section */
		8134B7C5213E0B480017EABE /* Build configuration list for PBXProject "Piano" */ = {
			isa = XCConfigurationList;
			buildConfigurations = (
				8134B7DA213E0B4C0017EABE /* Debug */,
				8134B7DB213E0B4C0017EABE /* Release */,
			);
			defaultConfigurationIsVisible = 0;
			defaultConfigurationName = Release;
		};
		8134B7DC213E0B4C0017EABE /* Build configuration list for PBXNativeTarget "Piano" */ = {
			isa = XCConfigurationList;
			buildConfigurations = (
				8134B7DD213E0B4C0017EABE /* Debug */,
				8134B7DE213E0B4C0017EABE /* Release */,
			);
			defaultConfigurationIsVisible = 0;
			defaultConfigurationName = Release;
		};
/* End XCConfigurationList section */
	};
	rootObject = 8134B7C2213E0B480017EABE /* Project object */;
}
